
Microsoft Visual Studio Solution File, Format Version 12.00
# Visual Studio Version 17
VisualStudioVersion = 17.1.32414.318
MinimumVisualStudioVersion = 10.0.40219.1
Project("{FAE04EC0-301F-11D3-BF4B-00C04F79EFBC}") = "Lab7", "Lab7\Lab7.csproj", "{C7F51ED1-3BE6-4540-B0A3-0D5B0096C8F9}"
EndProject
Global
	GlobalSection(SolutionConfigurationPlatforms) = preSolution
		Debug|Any CPU = Debug|Any CPU
		Release|Any CPU = Release|Any CPU
	EndGlobalSection
	GlobalSection(ProjectConfigurationPlatforms) = postSolution
		{C7F51ED1-3BE6-4540-B0A3-0D5B0096C8F9}.Debug|Any CPU.ActiveCfg = Debug|Any CPU
		{C7F51ED1-3BE6-4540-B0A3-0D5B0096C8F9}.Debug|Any CPU.Build.0 = Debug|Any CPU
		{C7F51ED1-3BE6-4540-B0A3-0D5B0096C8F9}.Release|Any CPU.ActiveCfg = Release|Any CPU
		{C7F51ED1-3BE6-4540-B0A3-0D5B0096C8F9}.Release|Any CPU.Build.0 = Release|Any CPU
	EndGlobalSection
	GlobalSection(SolutionProperties) = preSolution
		HideSolutionNode = FALSE
	EndGlobalSection
	GlobalSection(ExtensibilityGlobals) = postSolution
		SolutionGuid = {B8FD02CF-AE02-4CD7-8923-2369B7AAA36B}
	EndGlobalSection
EndGlobal
