
Microsoft Visual Studio Solution File, Format Version 12.00
# Visual Studio Version 17
VisualStudioVersion = 17.11.35431.28
MinimumVisualStudioVersion = 10.0.40219.1
Project("{FAE04EC0-301F-11D3-BF4B-00C04F79EFBC}") = "Lab8.2", "Lab8.2\Lab8.2.csproj", "{13FAF7E9-22AD-4792-AEC7-C79448F3DFA4}"
EndProject
Global
	GlobalSection(SolutionConfigurationPlatforms) = preSolution
		Debug|Any CPU = Debug|Any CPU
		Release|Any CPU = Release|Any CPU
	EndGlobalSection
	GlobalSection(ProjectConfigurationPlatforms) = postSolution
		{13FAF7E9-22AD-4792-AEC7-C79448F3DFA4}.Debug|Any CPU.ActiveCfg = Debug|Any CPU
		{13FAF7E9-22AD-4792-AEC7-C79448F3DFA4}.Debug|Any CPU.Build.0 = Debug|Any CPU
		{13FAF7E9-22AD-4792-AEC7-C79448F3DFA4}.Release|Any CPU.ActiveCfg = Release|Any CPU
		{13FAF7E9-22AD-4792-AEC7-C79448F3DFA4}.Release|Any CPU.Build.0 = Release|Any CPU
	EndGlobalSection
	GlobalSection(SolutionProperties) = preSolution
		HideSolutionNode = FALSE
	EndGlobalSection
	GlobalSection(ExtensibilityGlobals) = postSolution
		SolutionGuid = {1EAD818D-BBA4-4647-B1A0-32A65D5D70B3}
	EndGlobalSection
EndGlobal
